
Microsoft Visual Studio Solution File, Format Version 12.00
# Visual Studio Version 16
VisualStudioVersion = 16.0.29215.179
MinimumVisualStudioVersion = 10.0.40219.1
Project("{FAE04EC0-301F-11D3-BF4B-00C04F79EFBC}") = "HelloWord.Android", "HelloWord\HelloWord.Android\HelloWord.Android.csproj", "{E860727E-002A-45DC-AD5B-2977461559EE}"
EndProject
Project("{9A19103F-16F7-4668-BE54-9A1E7A4F7556}") = "HelloWord", "HelloWord\HelloWord\HelloWord.csproj", "{BD0C644A-7ECA-407C-B681-12AE627F5151}"
EndProject
Project("{FAE04EC0-301F-11D3-BF4B-00C04F79EFBC}") = "WebServices", "WebServices\WebServices.csproj", "{F00D9EEA-D7B1-449A-8EB2-E49DDA8F2168}"
EndProject
Global
	GlobalSection(SolutionConfigurationPlatforms) = preSolution
		Debug|Any CPU = Debug|Any CPU
		Release|Any CPU = Release|Any CPU
	EndGlobalSection
	GlobalSection(ProjectConfigurationPlatforms) = postSolution
		{E860727E-002A-45DC-AD5B-2977461559EE}.Debug|Any CPU.ActiveCfg = Debug|Any CPU
		{E860727E-002A-45DC-AD5B-2977461559EE}.Debug|Any CPU.Build.0 = Debug|Any CPU
		{E860727E-002A-45DC-AD5B-2977461559EE}.Debug|Any CPU.Deploy.0 = Debug|Any CPU
		{E860727E-002A-45DC-AD5B-2977461559EE}.Release|Any CPU.ActiveCfg = Release|Any CPU
		{E860727E-002A-45DC-AD5B-2977461559EE}.Release|Any CPU.Build.0 = Release|Any CPU
		{E860727E-002A-45DC-AD5B-2977461559EE}.Release|Any CPU.Deploy.0 = Release|Any CPU
		{BD0C644A-7ECA-407C-B681-12AE627F5151}.Debug|Any CPU.ActiveCfg = Debug|Any CPU
		{BD0C644A-7ECA-407C-B681-12AE627F5151}.Debug|Any CPU.Build.0 = Debug|Any CPU
		{BD0C644A-7ECA-407C-B681-12AE627F5151}.Debug|Any CPU.Deploy.0 = Debug|Any CPU
		{BD0C644A-7ECA-407C-B681-12AE627F5151}.Release|Any CPU.ActiveCfg = Release|Any CPU
		{BD0C644A-7ECA-407C-B681-12AE627F5151}.Release|Any CPU.Build.0 = Release|Any CPU
		{BD0C644A-7ECA-407C-B681-12AE627F5151}.Release|Any CPU.Deploy.0 = Release|Any CPU
		{F00D9EEA-D7B1-449A-8EB2-E49DDA8F2168}.Debug|Any CPU.ActiveCfg = Debug|Any CPU
		{F00D9EEA-D7B1-449A-8EB2-E49DDA8F2168}.Debug|Any CPU.Build.0 = Debug|Any CPU
		{F00D9EEA-D7B1-449A-8EB2-E49DDA8F2168}.Release|Any CPU.ActiveCfg = Release|Any CPU
		{F00D9EEA-D7B1-449A-8EB2-E49DDA8F2168}.Release|Any CPU.Build.0 = Release|Any CPU
	EndGlobalSection
	GlobalSection(SolutionProperties) = preSolution
		HideSolutionNode = FALSE
	EndGlobalSection
	GlobalSection(ExtensibilityGlobals) = postSolution
		SolutionGuid = {5673009B-D405-4B4E-8FEF-2D011A74105F}
	EndGlobalSection
EndGlobal
